#MicroXplorer Configuration settings - do not modify
ADC1.Channel-0\#ChannelRegularConversion=ADC_CHANNEL_13
ADC1.IPParameters=Rank-0\#ChannelRegularConversion,master,Channel-0\#ChannelRegularConversion,SamplingTime-0\#ChannelRegularConversion,NbrOfConversionFlag
ADC1.NbrOfConversionFlag=1
ADC1.Rank-0\#ChannelRegularConversion=1
ADC1.SamplingTime-0\#ChannelRegularConversion=ADC_SAMPLETIME_3CYCLES
ADC1.master=1
CAD.formats=
CAD.pinconfig=
CAD.provider=
CAN1.CalculateBaudRate=333333
CAN1.CalculateTimeBit=3000
CAN1.CalculateTimeQuantum=1000.0
CAN1.IPParameters=CalculateTimeQuantum,CalculateTimeBit,CalculateBaudRate
CAN2.CalculateBaudRate=333333
CAN2.CalculateTimeBit=3000
CAN2.CalculateTimeQuantum=1000.0
CAN2.IPParameters=CalculateTimeQuantum,CalculateTimeBit,CalculateBaudRate
File.Version=6
KeepUserPlacement=false
Mcu.CPN=STM32F777VIT6
Mcu.Family=STM32F7
Mcu.IP0=ADC1
Mcu.IP1=CAN1
Mcu.IP2=CAN2
Mcu.IP3=CORTEX_M7
Mcu.IP4=NVIC
Mcu.IP5=RCC
Mcu.IP6=SYS
Mcu.IP7=TIM3
Mcu.IP8=TIM8
Mcu.IPNb=9
Mcu.Name=STM32F777VITx
Mcu.Package=LQFP100
Mcu.Pin0=PC1
Mcu.Pin1=PC2
Mcu.Pin10=PE10
Mcu.Pin11=PB12
Mcu.Pin12=PB13
Mcu.Pin13=PC7
Mcu.Pin14=PC9
Mcu.Pin15=PA13
Mcu.Pin16=PA14
Mcu.Pin17=PD0
Mcu.Pin18=PD1
Mcu.Pin19=VP_SYS_VS_Systick
Mcu.Pin2=PC3
Mcu.Pin20=VP_TIM3_VS_ClockSourceINT
Mcu.Pin21=VP_TIM8_VS_ClockSourceINT
Mcu.Pin3=PA0/WKUP
Mcu.Pin4=PA1
Mcu.Pin5=PB1
Mcu.Pin6=PB2
Mcu.Pin7=PE7
Mcu.Pin8=PE8
Mcu.Pin9=PE9
Mcu.PinsNb=22
Mcu.ThirdPartyNb=0
Mcu.UserConstants=
Mcu.UserName=STM32F777VITx
MxCube.Version=6.10.0
MxDb.Version=DB.6.0.100
NVIC.BusFault_IRQn=true\:0\:0\:false\:false\:true\:false\:false\:false
NVIC.DebugMonitor_IRQn=true\:0\:0\:false\:false\:true\:false\:false\:false
NVIC.ForceEnableDMAVector=true
NVIC.HardFault_IRQn=true\:0\:0\:false\:false\:true\:false\:false\:false
NVIC.MemoryManagement_IRQn=true\:0\:0\:false\:false\:true\:false\:false\:false
NVIC.NonMaskableInt_IRQn=true\:0\:0\:false\:false\:true\:false\:false\:false
NVIC.PendSV_IRQn=true\:0\:0\:false\:false\:true\:false\:false\:false
NVIC.PriorityGroup=NVIC_PRIORITYGROUP_4
NVIC.SVCall_IRQn=true\:0\:0\:false\:false\:true\:false\:false\:false
NVIC.SysTick_IRQn=true\:15\:0\:false\:false\:true\:false\:true\:false
NVIC.UsageFault_IRQn=true\:0\:0\:false\:false\:true\:false\:false\:false
PA0/WKUP.GPIOParameters=GPIO_Label
PA0/WKUP.GPIO_Label=SD_6
PA0/WKUP.Locked=true
PA0/WKUP.Signal=GPIO_Input
PA1.GPIOParameters=GPIO_Label
PA1.GPIO_Label=BL_Control
PA1.Locked=true
PA1.Signal=GPIO_Output
PA13.Mode=Serial_Wire
PA13.Signal=SYS_JTMS-SWDIO
PA14.Mode=Serial_Wire
PA14.Signal=SYS_JTCK-SWCLK
PB1.GPIOParameters=GPIO_Label
PB1.GPIO_Label=S5_4
PB1.Locked=true
PB1.Signal=ADCx_IN9
PB12.Locked=true
PB12.Mode=CAN_Activate
PB12.Signal=CAN2_RX
PB13.Mode=CAN_Activate
PB13.Signal=CAN2_TX
PB2.GPIOParameters=GPIO_Label
PB2.GPIO_Label=SD_1
PB2.Locked=true
PB2.Signal=GPIO_Input
PC1.GPIOParameters=GPIO_Label
PC1.GPIO_Label=S5_3
PC1.Locked=true
PC1.Signal=ADCx_IN11
PC2.GPIOParameters=GPIO_Label
PC2.GPIO_Label=S5_2
PC2.Locked=true
PC2.Signal=ADCx_IN12
PC3.GPIOParameters=GPIO_Label
PC3.GPIO_Label=S5_1
PC3.Locked=true
PC3.Signal=ADCx_IN13
PC7.GPIOParameters=GPIO_Label
PC7.GPIO_Label=PWM_FANS
PC7.Locked=true
PC7.Signal=S_TIM8_CH2
PC9.GPIOParameters=GPIO_Label
PC9.GPIO_Label=PWM_ACCU
PC9.Signal=S_TIM3_CH4
PD0.Locked=true
PD0.Mode=CAN_Activate
PD0.Signal=CAN1_RX
PD1.Mode=CAN_Activate
PD1.Signal=CAN1_TX
PE10.GPIOParameters=GPIO_Label
PE10.GPIO_Label=SD_5
PE10.Locked=true
PE10.Signal=GPIO_Input
PE7.GPIOParameters=GPIO_Label
PE7.GPIO_Label=SD_2
PE7.Locked=true
PE7.Signal=GPIO_Input
PE8.GPIOParameters=GPIO_Label
PE8.GPIO_Label=SD_3
PE8.Locked=true
PE8.Signal=GPIO_Input
PE9.GPIOParameters=GPIO_Label
PE9.GPIO_Label=SD_4
PE9.Locked=true
PE9.Signal=GPIO_Input
PinOutPanel.RotationAngle=0
ProjectManager.AskForMigrate=true
ProjectManager.BackupPrevious=false
ProjectManager.CompilerOptimize=6
ProjectManager.ComputerToolchain=false
ProjectManager.CoupleFile=false
ProjectManager.CustomerFirmwarePackage=
ProjectManager.DefaultFWLocation=true
ProjectManager.DeletePrevious=true
ProjectManager.DeviceId=STM32F777VITx
ProjectManager.FirmwarePackage=STM32Cube FW_F7 V1.17.1
ProjectManager.FreePins=false
ProjectManager.HalAssertFull=false
ProjectManager.HeapSize=0x200
ProjectManager.KeepUserCode=true
ProjectManager.LastFirmware=true
ProjectManager.LibraryCopy=1
ProjectManager.MainLocation=Core/Src
ProjectManager.NoMain=false
ProjectManager.PreviousToolchain=
ProjectManager.ProjectBuild=false
ProjectManager.ProjectFileName=RECU_SW.ioc
ProjectManager.ProjectName=RECU_SW
ProjectManager.ProjectStructure=
ProjectManager.RegisterCallBack=
ProjectManager.StackSize=0x400
ProjectManager.TargetToolchain=STM32CubeIDE
ProjectManager.ToolChainLocation=
ProjectManager.UAScriptAfterPath=
ProjectManager.UAScriptBeforePath=
ProjectManager.UnderRoot=true
ProjectManager.functionlistsort=1-SystemClock_Config-RCC-false-HAL-false,2-MX_GPIO_Init-GPIO-false-HAL-true,3-MX_ADC1_Init-ADC1-false-HAL-true,4-MX_CAN1_Init-CAN1-false-HAL-true,5-MX_CAN2_Init-CAN2-false-HAL-true,6-MX_TIM3_Init-TIM3-false-HAL-true,7-MX_TIM8_Init-TIM8-false-HAL-true,0-MX_CORTEX_M7_Init-CORTEX_M7-false-HAL-true
RCC.CECFreq_Value=32786.88524590164
RCC.DFSDMFreq_Value=16000000
RCC.FamilyName=M
RCC.HSE_VALUE=25000000
RCC.HSI_VALUE=16000000
RCC.I2SFreq_Value=96000000
RCC.IPParameters=CECFreq_Value,DFSDMFreq_Value,FamilyName,HSE_VALUE,HSI_VALUE,I2SFreq_Value,LCDTFTFreq_Value,LSE_VALUE,LSI_VALUE,PLLCLKFreq_Value,PLLI2SPCLKFreq_Value,PLLI2SQCLKFreq_Value,PLLI2SRCLKFreq_Value,PLLQCLKFreq_Value,PLLSAIPCLKFreq_Value,PLLSAIQCLKFreq_Value,PLLSAIRCLKFreq_Value,PLLSAIoutputFreq_Value,RNGFreq_Value,SAI1Freq_Value,SAI2Freq_Value,SDMMC2Freq_Value,SDMMCFreq_Value,SPDIFRXFreq_Value,USBFreq_Value,VCOI2SOutputFreq_Value,VCOInputFreq_Value,VCOOutputFreq_Value,VCOSAIOutputFreq_Value
RCC.LCDTFTFreq_Value=48000000
RCC.LSE_VALUE=32768
RCC.LSI_VALUE=32000
RCC.PLLCLKFreq_Value=96000000
RCC.PLLI2SPCLKFreq_Value=96000000
RCC.PLLI2SQCLKFreq_Value=96000000
RCC.PLLI2SRCLKFreq_Value=96000000
RCC.PLLQCLKFreq_Value=96000000
RCC.PLLSAIPCLKFreq_Value=96000000
RCC.PLLSAIQCLKFreq_Value=96000000
RCC.PLLSAIRCLKFreq_Value=96000000
RCC.PLLSAIoutputFreq_Value=96000000
RCC.RNGFreq_Value=96000000
RCC.SAI1Freq_Value=96000000
RCC.SAI2Freq_Value=96000000
RCC.SDMMC2Freq_Value=16000000
RCC.SDMMCFreq_Value=16000000
RCC.SPDIFRXFreq_Value=96000000
RCC.USBFreq_Value=96000000
RCC.VCOI2SOutputFreq_Value=192000000
RCC.VCOInputFreq_Value=1000000
RCC.VCOOutputFreq_Value=192000000
RCC.VCOSAIOutputFreq_Value=192000000
SH.ADCx_IN11.0=ADC1_IN11,IN11
SH.ADCx_IN11.ConfNb=1
SH.ADCx_IN12.0=ADC1_IN12,IN12
SH.ADCx_IN12.ConfNb=1
SH.ADCx_IN13.0=ADC1_IN13,IN13
SH.ADCx_IN13.ConfNb=1
SH.ADCx_IN9.0=ADC1_IN9,IN9
SH.ADCx_IN9.ConfNb=1
SH.S_TIM3_CH4.0=TIM3_CH4,PWM Generation4 CH4
SH.S_TIM3_CH4.ConfNb=1
SH.S_TIM8_CH2.0=TIM8_CH2,PWM Generation2 CH2
SH.S_TIM8_CH2.ConfNb=1
TIM3.Channel-PWM\ Generation4\ CH4=TIM_CHANNEL_4
TIM3.IPParameters=Channel-PWM Generation4 CH4
TIM8.Channel-PWM\ Generation2\ CH2=TIM_CHANNEL_2
TIM8.IPParameters=Channel-PWM Generation2 CH2
VP_SYS_VS_Systick.Mode=SysTick
VP_SYS_VS_Systick.Signal=SYS_VS_Systick
VP_TIM3_VS_ClockSourceINT.Mode=Internal
VP_TIM3_VS_ClockSourceINT.Signal=TIM3_VS_ClockSourceINT
VP_TIM8_VS_ClockSourceINT.Mode=Internal
VP_TIM8_VS_ClockSourceINT.Signal=TIM8_VS_ClockSourceINT
board=custom
isbadioc=false
